lockfileVersion: '9.0'

settings:
  autoInstallPeers: true
  excludeLinksFromLockfile: false

importers:

  .:
    dependencies:
      dotenv:
        specifier: ^17.4.2
        version: 17.4.2
      mysql2:
        specifier: ^3.24.4
        version: 3.24.4(@types/node@26.5.1)
      openai:
        specifier: ^7.15.0
        version: 7.15.0

packages:

  '@types/node@26.5.1':
    resolution: {integrity: sha512-CzNm2FezW4VR/LjG6yUdiEgLE/rAQ9Slj5gCu/C2VrdcW7I0ahNZ8DRbHT7zOZ6r3ONgd/bsQIeSaoDGrd1C6g==}

  aws-ssl-profiles@1.1.2:
    resolution: {integrity: sha512-NZKeq9AfyQvEeNlN0zSYAaWrmBffJh3IELMZfRpJVWgrpEbtEpnjvzqBPf+mxoI287JohRDoa+/nsfqqiZmF6g==}
    engines: {node: '>= 6.0.0'}

  dotenv@17.4.2:
    resolution: {integrity: sha512-nI4U3TottKAcAD9LLud4Cb7b2QztQMUEfHbvhTH09bqXTxnSie8WnjPALV/WMCrJZ6UV/qHJ6L03OqO3LcdYZw==}
    engines: {node: '>=12'}

  generate-function@2.3.1:
    resolution: {integrity: sha512-eeB5GfMNeevm/GRYq20ShmsaGcmI81kIX2K9XQx5miC8KdHaC6Jm0qQ8ZNeGOi7wYB8OsdxKs+Y2oVuTFuVwKQ==}

  iconv-lite@0.7.3:
    resolution: {integrity: sha512-IKXpvIzjnC9XTAUbVBcMfGS0EPaIXtW6v+zr+RRp+hqULEpo0owZax6wyRwPOJbWbzjYspQwusTsfVr0ifh4uQ==}
    engines: {node: '>=0.10.0'}

  is-property@1.0.2:
    resolution: {integrity: sha512-Ks/IoX00TtClbGQr4TWXemAnktAQvYB7HzcCxDGqEZU6oCmb2INHuOoKxbtR+HFkmYWBKv/dOZtGRiAjDhj92g==}

  long@5.3.2:
    resolution: {integrity: sha512-mNAgZ1GmyNhD7AuqnTG3/VQ26o760+ZYBPKjPvugO8+nLbYfX6TVpJPseBvopbdY+qpZ/lKUnmEc1LeZYS3QAA==}

  lru.min@1.1.5:
    resolution: {integrity: sha512-5J9ysMYUpYIg9RF2vJpy9SinEmSviFSe0GyPpCQ4L5QSkLAgeLXlTAOu2ZwWUU5m+0SBl6gUU1R1ZQB3aKypfA==}
    engines: {bun: '>=1.0.0', deno: '>=1.30.0', node: '>=8.0.0'}

  mysql2@3.24.4:
    resolution: {integrity: sha512-A2olluVlj0mvgyIRRISMEzXc51m+21mRtcMVjJyIpt2GG98+XrC9m9HzsqcMsX2LcnfccJvY5NB22g8fENBnOA==}
    engines: {node: '>= 8.0'}
    peerDependencies:
      '@types/node': '>= 8'

  named-placeholders@1.1.6:
    resolution: {integrity: sha512-Tz09sEL2EEuv5fFowm419c1+a/jSMiBjI9gHxVLrVdbUkkNUUfjsVYs9pVZu5oCon/kmRh9TfLEObFtkVxmY0w==}
    engines: {node: '>=8.0.0'}

  openai@7.15.0:
    resolution: {integrity: sha512-2DIwesnPSduw68MFx7nAdgvshrgvS8WOan5W8+tgUMlAy/tY+Q41g80Pa+w/v64rHA6rtn+dketa8QvMVxU96w==}
    engines: {node: '>=22.0.0'}
    peerDependencies:
      '@aws-sdk/credential-provider-node': '>=3.972.0 <4'
      '@smithy/hash-node': '>=4.3.0 <5'
      '@smithy/signature-v4': '>=5.4.0 <6'
      undici: '>=5 <9'
      ws: ^8.21.0
      zod: ^3.25 || ^4.0
    peerDependenciesMeta:
      '@aws-sdk/credential-provider-node':
        optional: true
      '@smithy/hash-node':
        optional: true
      '@smithy/signature-v4':
        optional: true
      undici:
        optional: true
      ws:
        optional: true
      zod:
        optional: true

  safer-buffer@2.1.2:
    resolution: {integrity: sha512-YZo3K82SD7Riyi0E1EQPojLz7kpepnSQI9IyPbHHg1XXXevb5dJI7tpyN2ADxGcQbHG7vcyRHk0cbwqcQriUtg==}

  sql-escaper@1.5.1:
    resolution: {integrity: sha512-4toX5E1fQbBrpfXidaHnF0669nkAdETeIPTs2SUjxxD7RRIs9ICG4gtpmfc68JCEKehsdwLFqBu9VlQqZ1P1gg==}
    engines: {bun: '>=1.0.0', deno: '>=2.0.0', node: '>=12.0.0'}

  undici-types@8.9.0:
    resolution: {integrity: sha512-KTDyRTYX8sWmKXAikPHHSyc63CRPETMctyjKFupcC6OBLXT3xsN0e9aF7m+mIXutFWpUXuedtowG7iLOzp0kQg==}

snapshots:

  '@types/node@26.5.1':
    dependencies:
      undici-types: 8.9.0

  aws-ssl-profiles@1.1.2: {}

  dotenv@17.4.2: {}

  generate-function@2.3.1:
    dependencies:
      is-property: 1.0.2

  iconv-lite@0.7.3:
    dependencies:
      safer-buffer: 2.1.2

  is-property@1.0.2: {}

  long@5.3.2: {}

  lru.min@1.1.5: {}

  mysql2@3.24.4(@types/node@26.5.1):
    dependencies:
      '@types/node': 26.5.1
      aws-ssl-profiles: 1.1.2
      generate-function: 2.3.1
      iconv-lite: 0.7.3
      long: 5.3.2
      lru.min: 1.1.5
      named-placeholders: 1.1.6
      sql-escaper: 1.5.1

  named-placeholders@1.1.6:
    dependencies:
      lru.min: 1.1.5

  openai@7.15.0: {}

  safer-buffer@2.1.2: {}

  sql-escaper@1.5.1: {}

  undici-types@8.9.0: {}
